
Microsoft Visual Studio Solution File, Format Version 12.00
# Visual Studio 14
VisualStudioVersion = 14.0.23107.0
MinimumVisualStudioVersion = 10.0.40219.1
Project("{FAE04EC0-301F-11D3-BF4B-00C04F79EFBC}") = "Framework", "Framework\Framework.csproj", "{41AF34B7-189E-4615-9766-37881B793FD3}"
EndProject
Project("{2150E333-8FDC-42A3-9474-1A3956D46DE8}") = "Solution Items", "Solution Items", "{D4C0797F-DA4C-4567-9C44-52A87F4F4CF9}"
	ProjectSection(SolutionItems) = preProject
		WE-browsers.xml = WE-browsers.xml
	EndProjectSection
EndProject
Global
	GlobalSection(SolutionConfigurationPlatforms) = preSolution
		Debug|Any CPU = Debug|Any CPU
		Release|Any CPU = Release|Any CPU
	EndGlobalSection
	GlobalSection(ProjectConfigurationPlatforms) = postSolution
		{41AF34B7-189E-4615-9766-37881B793FD3}.Debug|Any CPU.ActiveCfg = Debug|Any CPU
		{41AF34B7-189E-4615-9766-37881B793FD3}.Debug|Any CPU.Build.0 = Debug|Any CPU
		{41AF34B7-189E-4615-9766-37881B793FD3}.Release|Any CPU.ActiveCfg = Release|Any CPU
		{41AF34B7-189E-4615-9766-37881B793FD3}.Release|Any CPU.Build.0 = Release|Any CPU
	EndGlobalSection
	GlobalSection(SolutionProperties) = preSolution
		HideSolutionNode = FALSE
	EndGlobalSection
EndGlobal
